Microsoft Visual Studio Solution File, Format Version 12.00
# Visual Studio 2012
Project("{FAE04EC0-301F-11D3-BF4B-00C04F79EFBC}") = "GameOn2023", "GameOn2023.csproj", "{B0B24E6F-4FF6-494A-8D5F-49A8CCBA1E1E}"
EndProject
Global
	GlobalSection(SolutionConfigurationPlatforms) = preSolution
	Debug|Any CPU = Debug|Any CPU
	ExportDebug|Any CPU = ExportDebug|Any CPU
	ExportRelease|Any CPU = ExportRelease|Any CPU
	EndGlobalSection
	GlobalSection(ProjectConfigurationPlatforms) = postSolution
		{B0B24E6F-4FF6-494A-8D5F-49A8CCBA1E1E}.Debug|Any CPU.ActiveCfg = Debug|Any CPU
		{B0B24E6F-4FF6-494A-8D5F-49A8CCBA1E1E}.Debug|Any CPU.Build.0 = Debug|Any CPU
		{B0B24E6F-4FF6-494A-8D5F-49A8CCBA1E1E}.ExportDebug|Any CPU.ActiveCfg = ExportDebug|Any CPU
		{B0B24E6F-4FF6-494A-8D5F-49A8CCBA1E1E}.ExportDebug|Any CPU.Build.0 = ExportDebug|Any CPU
		{B0B24E6F-4FF6-494A-8D5F-49A8CCBA1E1E}.ExportRelease|Any CPU.ActiveCfg = ExportRelease|Any CPU
		{B0B24E6F-4FF6-494A-8D5F-49A8CCBA1E1E}.ExportRelease|Any CPU.Build.0 = ExportRelease|Any CPU
	EndGlobalSection
EndGlobal
